
Microsoft Visual Studio Solution File, Format Version 12.00
# Visual Studio Version 16
VisualStudioVersion = 16.0.29613.14
MinimumVisualStudioVersion = 10.0.40219.1
Project("{FAE04EC0-301F-11D3-BF4B-00C04F79EFBC}") = "SeriPortTester", "SeriPortTester\SeriPortTester.csproj", "{9409927E-8D23-427A-9D31-9CCEFCAD13DC}"
EndProject
Project("{FAE04EC0-301F-11D3-BF4B-00C04F79EFBC}") = "NHSeriBaglanti", "NHSeriBaglanti\NHSeriBaglanti.csproj", "{46D33AF9-0237-4047-A54A-76FB136639E9}"
EndProject
Global
	GlobalSection(SolutionConfigurationPlatforms) = preSolution
		Debug|Any CPU = Debug|Any CPU
		Release|Any CPU = Release|Any CPU
	EndGlobalSection
	GlobalSection(ProjectConfigurationPlatforms) = postSolution
		{9409927E-8D23-427A-9D31-9CCEFCAD13DC}.Debug|Any CPU.ActiveCfg = Debug|Any CPU
		{9409927E-8D23-427A-9D31-9CCEFCAD13DC}.Debug|Any CPU.Build.0 = Debug|Any CPU
		{9409927E-8D23-427A-9D31-9CCEFCAD13DC}.Release|Any CPU.ActiveCfg = Release|Any CPU
		{9409927E-8D23-427A-9D31-9CCEFCAD13DC}.Release|Any CPU.Build.0 = Release|Any CPU
		{46D33AF9-0237-4047-A54A-76FB136639E9}.Debug|Any CPU.ActiveCfg = Debug|Any CPU
		{46D33AF9-0237-4047-A54A-76FB136639E9}.Debug|Any CPU.Build.0 = Debug|Any CPU
		{46D33AF9-0237-4047-A54A-76FB136639E9}.Release|Any CPU.ActiveCfg = Release|Any CPU
		{46D33AF9-0237-4047-A54A-76FB136639E9}.Release|Any CPU.Build.0 = Release|Any CPU
	EndGlobalSection
	GlobalSection(SolutionProperties) = preSolution
		HideSolutionNode = FALSE
	EndGlobalSection
	GlobalSection(ExtensibilityGlobals) = postSolution
		SolutionGuid = {F24BB01D-6969-4486-B3A5-3CA1FB754660}
	EndGlobalSection
EndGlobal
